
Microsoft Visual Studio Solution File, Format Version 12.00
# Visual Studio 15
VisualStudioVersion = 15.0.28307.421
MinimumVisualStudioVersion = 10.0.40219.1
Project("{8BC9CEB8-8B4A-11D0-8D11-00A0C91BC942}") = "01helloworld与命名空间", "helloworld\helloworld.vcxproj", "{86B87FEB-7E1D-44B1-BC00-CDD222DD4BEB}"
EndProject
Project("{8BC9CEB8-8B4A-11D0-8D11-00A0C91BC942}") = "02using", "using\using.vcxproj", "{20AE31FE-7A70-498D-AF12-50B497695C88}"
EndProject
Project("{8BC9CEB8-8B4A-11D0-8D11-00A0C91BC942}") = "03C++增强", "C++增强\C++增强.vcxproj", "{41CB6F4A-0069-439C-83E2-416EB63374E9}"
EndProject
Global
	GlobalSection(SolutionConfigurationPlatforms) = preSolution
		Debug|x64 = Debug|x64
		Debug|x86 = Debug|x86
		Release|x64 = Release|x64
		Release|x86 = Release|x86
	EndGlobalSection
	GlobalSection(ProjectConfigurationPlatforms) = postSolution
		{86B87FEB-7E1D-44B1-BC00-CDD222DD4BEB}.Debug|x64.ActiveCfg = Debug|x64
		{86B87FEB-7E1D-44B1-BC00-CDD222DD4BEB}.Debug|x64.Build.0 = Debug|x64
		{86B87FEB-7E1D-44B1-BC00-CDD222DD4BEB}.Debug|x86.ActiveCfg = Debug|Win32
		{86B87FEB-7E1D-44B1-BC00-CDD222DD4BEB}.Debug|x86.Build.0 = Debug|Win32
		{86B87FEB-7E1D-44B1-BC00-CDD222DD4BEB}.Release|x64.ActiveCfg = Release|x64
		{86B87FEB-7E1D-44B1-BC00-CDD222DD4BEB}.Release|x64.Build.0 = Release|x64
		{86B87FEB-7E1D-44B1-BC00-CDD222DD4BEB}.Release|x86.ActiveCfg = Release|Win32
		{86B87FEB-7E1D-44B1-BC00-CDD222DD4BEB}.Release|x86.Build.0 = Release|Win32
		{20AE31FE-7A70-498D-AF12-50B497695C88}.Debug|x64.ActiveCfg = Debug|x64
		{20AE31FE-7A70-498D-AF12-50B497695C88}.Debug|x64.Build.0 = Debug|x64
		{20AE31FE-7A70-498D-AF12-50B497695C88}.Debug|x86.ActiveCfg = Debug|Win32
		{20AE31FE-7A70-498D-AF12-50B497695C88}.Debug|x86.Build.0 = Debug|Win32
		{20AE31FE-7A70-498D-AF12-50B497695C88}.Release|x64.ActiveCfg = Release|x64
		{20AE31FE-7A70-498D-AF12-50B497695C88}.Release|x64.Build.0 = Release|x64
		{20AE31FE-7A70-498D-AF12-50B497695C88}.Release|x86.ActiveCfg = Release|Win32
		{20AE31FE-7A70-498D-AF12-50B497695C88}.Release|x86.Build.0 = Release|Win32
		{41CB6F4A-0069-439C-83E2-416EB63374E9}.Debug|x64.ActiveCfg = Debug|x64
		{41CB6F4A-0069-439C-83E2-416EB63374E9}.Debug|x64.Build.0 = Debug|x64
		{41CB6F4A-0069-439C-83E2-416EB63374E9}.Debug|x86.ActiveCfg = Debug|Win32
		{41CB6F4A-0069-439C-83E2-416EB63374E9}.Debug|x86.Build.0 = Debug|Win32
		{41CB6F4A-0069-439C-83E2-416EB63374E9}.Release|x64.ActiveCfg = Release|x64
		{41CB6F4A-0069-439C-83E2-416EB63374E9}.Release|x64.Build.0 = Release|x64
		{41CB6F4A-0069-439C-83E2-416EB63374E9}.Release|x86.ActiveCfg = Release|Win32
		{41CB6F4A-0069-439C-83E2-416EB63374E9}.Release|x86.Build.0 = Release|Win32
	EndGlobalSection
	GlobalSection(SolutionProperties) = preSolution
		HideSolutionNode = FALSE
	EndGlobalSection
	GlobalSection(ExtensibilityGlobals) = postSolution
		SolutionGuid = {A686FF87-1202-41B2-9F0A-FAEF7CBD3B54}
	EndGlobalSection
EndGlobal
