
Microsoft Visual Studio Solution File, Format Version 12.00
# Visual Studio 15
VisualStudioVersion = 15.0.28307.421
MinimumVisualStudioVersion = 10.0.40219.1
Project("{8BC9CEB8-8B4A-11D0-8D11-00A0C91BC942}") = "01构造以及析构", "01构造以及析构\01构造以及析构.vcxproj", "{806CD69C-9C40-4D60-818F-1DB9B6C66A6C}"
EndProject
Project("{8BC9CEB8-8B4A-11D0-8D11-00A0C91BC942}") = "02构造函数的分类和调用", "02构造函数的分类和调用\02构造函数的分类和调用.vcxproj", "{363A2BD6-4195-4D88-95DE-888EAF3FDB9E}"
EndProject
Project("{8BC9CEB8-8B4A-11D0-8D11-00A0C91BC942}") = "03拷贝构造函数的调用时机", "03拷贝构造函数的调用时机\03拷贝构造函数的调用时机.vcxproj", "{B676CBD4-9694-4B45-864A-3DB05BA2DE31}"
EndProject
Global
	GlobalSection(SolutionConfigurationPlatforms) = preSolution
		Debug|x64 = Debug|x64
		Debug|x86 = Debug|x86
		Release|x64 = Release|x64
		Release|x86 = Release|x86
	EndGlobalSection
	GlobalSection(ProjectConfigurationPlatforms) = postSolution
		{806CD69C-9C40-4D60-818F-1DB9B6C66A6C}.Debug|x64.ActiveCfg = Debug|x64
		{806CD69C-9C40-4D60-818F-1DB9B6C66A6C}.Debug|x64.Build.0 = Debug|x64
		{806CD69C-9C40-4D60-818F-1DB9B6C66A6C}.Debug|x86.ActiveCfg = Debug|Win32
		{806CD69C-9C40-4D60-818F-1DB9B6C66A6C}.Debug|x86.Build.0 = Debug|Win32
		{806CD69C-9C40-4D60-818F-1DB9B6C66A6C}.Release|x64.ActiveCfg = Release|x64
		{806CD69C-9C40-4D60-818F-1DB9B6C66A6C}.Release|x64.Build.0 = Release|x64
		{806CD69C-9C40-4D60-818F-1DB9B6C66A6C}.Release|x86.ActiveCfg = Release|Win32
		{806CD69C-9C40-4D60-818F-1DB9B6C66A6C}.Release|x86.Build.0 = Release|Win32
		{363A2BD6-4195-4D88-95DE-888EAF3FDB9E}.Debug|x64.ActiveCfg = Debug|x64
		{363A2BD6-4195-4D88-95DE-888EAF3FDB9E}.Debug|x64.Build.0 = Debug|x64
		{363A2BD6-4195-4D88-95DE-888EAF3FDB9E}.Debug|x86.ActiveCfg = Debug|Win32
		{363A2BD6-4195-4D88-95DE-888EAF3FDB9E}.Debug|x86.Build.0 = Debug|Win32
		{363A2BD6-4195-4D88-95DE-888EAF3FDB9E}.Release|x64.ActiveCfg = Release|x64
		{363A2BD6-4195-4D88-95DE-888EAF3FDB9E}.Release|x64.Build.0 = Release|x64
		{363A2BD6-4195-4D88-95DE-888EAF3FDB9E}.Release|x86.ActiveCfg = Release|Win32
		{363A2BD6-4195-4D88-95DE-888EAF3FDB9E}.Release|x86.Build.0 = Release|Win32
		{B676CBD4-9694-4B45-864A-3DB05BA2DE31}.Debug|x64.ActiveCfg = Debug|x64
		{B676CBD4-9694-4B45-864A-3DB05BA2DE31}.Debug|x64.Build.0 = Debug|x64
		{B676CBD4-9694-4B45-864A-3DB05BA2DE31}.Debug|x86.ActiveCfg = Debug|Win32
		{B676CBD4-9694-4B45-864A-3DB05BA2DE31}.Debug|x86.Build.0 = Debug|Win32
		{B676CBD4-9694-4B45-864A-3DB05BA2DE31}.Release|x64.ActiveCfg = Release|x64
		{B676CBD4-9694-4B45-864A-3DB05BA2DE31}.Release|x64.Build.0 = Release|x64
		{B676CBD4-9694-4B45-864A-3DB05BA2DE31}.Release|x86.ActiveCfg = Release|Win32
		{B676CBD4-9694-4B45-864A-3DB05BA2DE31}.Release|x86.Build.0 = Release|Win32
	EndGlobalSection
	GlobalSection(SolutionProperties) = preSolution
		HideSolutionNode = FALSE
	EndGlobalSection
	GlobalSection(ExtensibilityGlobals) = postSolution
		SolutionGuid = {15C1CA14-1F2A-4983-85C8-246385694E73}
	EndGlobalSection
EndGlobal
