
Microsoft Visual Studio Solution File, Format Version 12.00
# Visual Studio 15
VisualStudioVersion = 15.0.28307.489
MinimumVisualStudioVersion = 10.0.40219.1
Project("{8BC9CEB8-8B4A-11D0-8D11-00A0C91BC942}") = "02异常基本处理", "02异常基本处理\02异常基本处理.vcxproj", "{5E30E59B-8D21-43BC-95D9-A0A89C53937A}"
EndProject
Project("{8BC9CEB8-8B4A-11D0-8D11-00A0C91BC942}") = "03异常变量的生命周期", "03异常变量的生命周期\03异常变量的生命周期.vcxproj", "{0F746773-1312-476C-BEB2-0B5E7DF3848A}"
EndProject
Global
	GlobalSection(SolutionConfigurationPlatforms) = preSolution
		Debug|x64 = Debug|x64
		Debug|x86 = Debug|x86
		Release|x64 = Release|x64
		Release|x86 = Release|x86
	EndGlobalSection
	GlobalSection(ProjectConfigurationPlatforms) = postSolution
		{5E30E59B-8D21-43BC-95D9-A0A89C53937A}.Debug|x64.ActiveCfg = Debug|x64
		{5E30E59B-8D21-43BC-95D9-A0A89C53937A}.Debug|x64.Build.0 = Debug|x64
		{5E30E59B-8D21-43BC-95D9-A0A89C53937A}.Debug|x86.ActiveCfg = Debug|Win32
		{5E30E59B-8D21-43BC-95D9-A0A89C53937A}.Debug|x86.Build.0 = Debug|Win32
		{5E30E59B-8D21-43BC-95D9-A0A89C53937A}.Release|x64.ActiveCfg = Release|x64
		{5E30E59B-8D21-43BC-95D9-A0A89C53937A}.Release|x64.Build.0 = Release|x64
		{5E30E59B-8D21-43BC-95D9-A0A89C53937A}.Release|x86.ActiveCfg = Release|Win32
		{5E30E59B-8D21-43BC-95D9-A0A89C53937A}.Release|x86.Build.0 = Release|Win32
		{0F746773-1312-476C-BEB2-0B5E7DF3848A}.Debug|x64.ActiveCfg = Debug|x64
		{0F746773-1312-476C-BEB2-0B5E7DF3848A}.Debug|x64.Build.0 = Debug|x64
		{0F746773-1312-476C-BEB2-0B5E7DF3848A}.Debug|x86.ActiveCfg = Debug|Win32
		{0F746773-1312-476C-BEB2-0B5E7DF3848A}.Debug|x86.Build.0 = Debug|Win32
		{0F746773-1312-476C-BEB2-0B5E7DF3848A}.Release|x64.ActiveCfg = Release|x64
		{0F746773-1312-476C-BEB2-0B5E7DF3848A}.Release|x64.Build.0 = Release|x64
		{0F746773-1312-476C-BEB2-0B5E7DF3848A}.Release|x86.ActiveCfg = Release|Win32
		{0F746773-1312-476C-BEB2-0B5E7DF3848A}.Release|x86.Build.0 = Release|Win32
	EndGlobalSection
	GlobalSection(SolutionProperties) = preSolution
		HideSolutionNode = FALSE
	EndGlobalSection
	GlobalSection(ExtensibilityGlobals) = postSolution
		SolutionGuid = {69C301A7-76D6-4E0D-B722-B107BCF55391}
	EndGlobalSection
EndGlobal
