
Microsoft Visual Studio Solution File, Format Version 12.00
# Visual Studio 15
VisualStudioVersion = 15.0.28307.421
MinimumVisualStudioVersion = 10.0.40219.1
Project("{8BC9CEB8-8B4A-11D0-8D11-00A0C91BC942}") = "01求圆周长", "求圆周长\求圆周长.vcxproj", "{F33341B9-A607-475F-B00C-95BB495C98D2}"
EndProject
Project("{8BC9CEB8-8B4A-11D0-8D11-00A0C91BC942}") = "02宏函数的缺陷以及内联函数", "宏函数的缺陷以及内联函数\宏函数的缺陷以及内联函数.vcxproj", "{CBA80DD7-BE52-488B-B8A2-630507A78B9D}"
EndProject
Project("{8BC9CEB8-8B4A-11D0-8D11-00A0C91BC942}") = "03函数默认参数以及占位参数", "03函数默认参数以及占位参数\03函数默认参数以及占位参数.vcxproj", "{7F030FF4-8F47-47C0-A78D-0C6F2D89D54E}"
EndProject
Project("{8BC9CEB8-8B4A-11D0-8D11-00A0C91BC942}") = "04函数重载的基本语法", "04函数重载的基本语法\04函数重载的基本语法.vcxproj", "{EFB9EBA8-3BAC-4482-A2A9-7A8EC7E215CA}"
EndProject
Project("{8BC9CEB8-8B4A-11D0-8D11-00A0C91BC942}") = "05extern C浅析", "extern C浅析\extern C浅析.vcxproj", "{87CE2894-B9DF-4117-B23F-F3E224A0591A}"
EndProject
Project("{8BC9CEB8-8B4A-11D0-8D11-00A0C91BC942}") = "06C++下的封装", "C++下的封装\C++下的封装.vcxproj", "{6FA429FD-A8BD-48E0-9959-712482ED1AED}"
EndProject
Global
	GlobalSection(SolutionConfigurationPlatforms) = preSolution
		Debug|x64 = Debug|x64
		Debug|x86 = Debug|x86
		Release|x64 = Release|x64
		Release|x86 = Release|x86
	EndGlobalSection
	GlobalSection(ProjectConfigurationPlatforms) = postSolution
		{F33341B9-A607-475F-B00C-95BB495C98D2}.Debug|x64.ActiveCfg = Debug|x64
		{F33341B9-A607-475F-B00C-95BB495C98D2}.Debug|x64.Build.0 = Debug|x64
		{F33341B9-A607-475F-B00C-95BB495C98D2}.Debug|x86.ActiveCfg = Debug|Win32
		{F33341B9-A607-475F-B00C-95BB495C98D2}.Debug|x86.Build.0 = Debug|Win32
		{F33341B9-A607-475F-B00C-95BB495C98D2}.Release|x64.ActiveCfg = Release|x64
		{F33341B9-A607-475F-B00C-95BB495C98D2}.Release|x64.Build.0 = Release|x64
		{F33341B9-A607-475F-B00C-95BB495C98D2}.Release|x86.ActiveCfg = Release|Win32
		{F33341B9-A607-475F-B00C-95BB495C98D2}.Release|x86.Build.0 = Release|Win32
		{CBA80DD7-BE52-488B-B8A2-630507A78B9D}.Debug|x64.ActiveCfg = Debug|x64
		{CBA80DD7-BE52-488B-B8A2-630507A78B9D}.Debug|x64.Build.0 = Debug|x64
		{CBA80DD7-BE52-488B-B8A2-630507A78B9D}.Debug|x86.ActiveCfg = Debug|Win32
		{CBA80DD7-BE52-488B-B8A2-630507A78B9D}.Debug|x86.Build.0 = Debug|Win32
		{CBA80DD7-BE52-488B-B8A2-630507A78B9D}.Release|x64.ActiveCfg = Release|x64
		{CBA80DD7-BE52-488B-B8A2-630507A78B9D}.Release|x64.Build.0 = Release|x64
		{CBA80DD7-BE52-488B-B8A2-630507A78B9D}.Release|x86.ActiveCfg = Release|Win32
		{CBA80DD7-BE52-488B-B8A2-630507A78B9D}.Release|x86.Build.0 = Release|Win32
		{7F030FF4-8F47-47C0-A78D-0C6F2D89D54E}.Debug|x64.ActiveCfg = Debug|x64
		{7F030FF4-8F47-47C0-A78D-0C6F2D89D54E}.Debug|x64.Build.0 = Debug|x64
		{7F030FF4-8F47-47C0-A78D-0C6F2D89D54E}.Debug|x86.ActiveCfg = Debug|Win32
		{7F030FF4-8F47-47C0-A78D-0C6F2D89D54E}.Debug|x86.Build.0 = Debug|Win32
		{7F030FF4-8F47-47C0-A78D-0C6F2D89D54E}.Release|x64.ActiveCfg = Release|x64
		{7F030FF4-8F47-47C0-A78D-0C6F2D89D54E}.Release|x64.Build.0 = Release|x64
		{7F030FF4-8F47-47C0-A78D-0C6F2D89D54E}.Release|x86.ActiveCfg = Release|Win32
		{7F030FF4-8F47-47C0-A78D-0C6F2D89D54E}.Release|x86.Build.0 = Release|Win32
		{EFB9EBA8-3BAC-4482-A2A9-7A8EC7E215CA}.Debug|x64.ActiveCfg = Debug|x64
		{EFB9EBA8-3BAC-4482-A2A9-7A8EC7E215CA}.Debug|x64.Build.0 = Debug|x64
		{EFB9EBA8-3BAC-4482-A2A9-7A8EC7E215CA}.Debug|x86.ActiveCfg = Debug|Win32
		{EFB9EBA8-3BAC-4482-A2A9-7A8EC7E215CA}.Debug|x86.Build.0 = Debug|Win32
		{EFB9EBA8-3BAC-4482-A2A9-7A8EC7E215CA}.Release|x64.ActiveCfg = Release|x64
		{EFB9EBA8-3BAC-4482-A2A9-7A8EC7E215CA}.Release|x64.Build.0 = Release|x64
		{EFB9EBA8-3BAC-4482-A2A9-7A8EC7E215CA}.Release|x86.ActiveCfg = Release|Win32
		{EFB9EBA8-3BAC-4482-A2A9-7A8EC7E215CA}.Release|x86.Build.0 = Release|Win32
		{87CE2894-B9DF-4117-B23F-F3E224A0591A}.Debug|x64.ActiveCfg = Debug|x64
		{87CE2894-B9DF-4117-B23F-F3E224A0591A}.Debug|x64.Build.0 = Debug|x64
		{87CE2894-B9DF-4117-B23F-F3E224A0591A}.Debug|x86.ActiveCfg = Debug|Win32
		{87CE2894-B9DF-4117-B23F-F3E224A0591A}.Debug|x86.Build.0 = Debug|Win32
		{87CE2894-B9DF-4117-B23F-F3E224A0591A}.Release|x64.ActiveCfg = Release|x64
		{87CE2894-B9DF-4117-B23F-F3E224A0591A}.Release|x64.Build.0 = Release|x64
		{87CE2894-B9DF-4117-B23F-F3E224A0591A}.Release|x86.ActiveCfg = Release|Win32
		{87CE2894-B9DF-4117-B23F-F3E224A0591A}.Release|x86.Build.0 = Release|Win32
		{6FA429FD-A8BD-48E0-9959-712482ED1AED}.Debug|x64.ActiveCfg = Debug|x64
		{6FA429FD-A8BD-48E0-9959-712482ED1AED}.Debug|x64.Build.0 = Debug|x64
		{6FA429FD-A8BD-48E0-9959-712482ED1AED}.Debug|x86.ActiveCfg = Debug|Win32
		{6FA429FD-A8BD-48E0-9959-712482ED1AED}.Debug|x86.Build.0 = Debug|Win32
		{6FA429FD-A8BD-48E0-9959-712482ED1AED}.Release|x64.ActiveCfg = Release|x64
		{6FA429FD-A8BD-48E0-9959-712482ED1AED}.Release|x64.Build.0 = Release|x64
		{6FA429FD-A8BD-48E0-9959-712482ED1AED}.Release|x86.ActiveCfg = Release|Win32
		{6FA429FD-A8BD-48E0-9959-712482ED1AED}.Release|x86.Build.0 = Release|Win32
	EndGlobalSection
	GlobalSection(SolutionProperties) = preSolution
		HideSolutionNode = FALSE
	EndGlobalSection
	GlobalSection(ExtensibilityGlobals) = postSolution
		SolutionGuid = {81C67C56-24FF-4474-9877-A0D21C8363E1}
	EndGlobalSection
EndGlobal
